
Microsoft Visual Studio Solution File, Format Version 12.00
# Visual Studio Version 17
VisualStudioVersion = 17.10.35122.118
MinimumVisualStudioVersion = 10.0.40219.1
Project("{FAE04EC0-301F-11D3-BF4B-00C04F79EFBC}") = "Evaluacion POO_Restaurante", "Evaluacion POO_Restaurante.csproj", "{5EB011ED-ECB8-496A-A095-74E960FD3BE3}"
EndProject
Global
	GlobalSection(SolutionConfigurationPlatforms) = preSolution
		Debug|Any CPU = Debug|Any CPU
		Release|Any CPU = Release|Any CPU
	EndGlobalSection
	GlobalSection(ProjectConfigurationPlatforms) = postSolution
		{5EB011ED-ECB8-496A-A095-74E960FD3BE3}.Debug|Any CPU.ActiveCfg = Debug|Any CPU
		{5EB011ED-ECB8-496A-A095-74E960FD3BE3}.Debug|Any CPU.Build.0 = Debug|Any CPU
		{5EB011ED-ECB8-496A-A095-74E960FD3BE3}.Release|Any CPU.ActiveCfg = Release|Any CPU
		{5EB011ED-ECB8-496A-A095-74E960FD3BE3}.Release|Any CPU.Build.0 = Release|Any CPU
	EndGlobalSection
	GlobalSection(SolutionProperties) = preSolution
		HideSolutionNode = FALSE
	EndGlobalSection
	GlobalSection(ExtensibilityGlobals) = postSolution
		SolutionGuid = {2F04D0A3-6EC9-4271-B1BC-EEE0B5C33EDC}
	EndGlobalSection
EndGlobal
